("quicklisp" .
 (:class qlot.source.ql:source-ql-all
  :initargs (:project-name "quicklisp" :%version :latest)
  :version "2017-05-16"))
("getopt" .
 (:class qlot.source.ql:source-ql
  :initargs (:project-name "getopt" :%version :latest)
  :version "ql-2017-05-16"))
("cl-ppcre" .
 (:class qlot.source.ql:source-ql
  :initargs (:project-name "cl-ppcre" :%version :latest)
  :version "ql-2017-05-16"))
